
Microsoft Visual Studio Solution File, Format Version 12.00
# Visual Studio Version 17
VisualStudioVersion = 17.10.35122.118
MinimumVisualStudioVersion = 10.0.40219.1
Project("{9A19103F-16F7-4668-BE54-9A1E7A4F7556}") = "ILIS.Newton.Assignment.API", "ILIS.Newton.Assignment.Server\ILIS.Newton.Assignment.API.csproj", "{48FCDDB7-CC83-4F12-B200-4C2B67C7FC9F}"
EndProject
Project("{54A90642-561A-4BB1-A94E-469ADEE60C69}") = "ilis.newton.assignment.client", "ilis.newton.assignment.client\ilis.newton.assignment.client.esproj", "{ADD1C991-9366-4E3B-BBD1-D6BE7627439A}"
EndProject
Project("{9A19103F-16F7-4668-BE54-9A1E7A4F7556}") = "ILIS.Newton.Assignment.DataAccess", "ILIS.Newton.Assignment.DataAccess\ILIS.Newton.Assignment.DataAccess.csproj", "{02B3225F-3643-4BDA-BDA9-A9D99E2B49F2}"
EndProject
Project("{9A19103F-16F7-4668-BE54-9A1E7A4F7556}") = "ILIS.Newton.Assignment.Entities", "ILIS.Newton.Assignment.Entities\ILIS.Newton.Assignment.Entities.csproj", "{C32FA5C2-2ABF-450D-B98E-C8A8D73E06F6}"
EndProject
Project("{9A19103F-16F7-4668-BE54-9A1E7A4F7556}") = "ILIS.Newton.Assignment.Application", "ILIS.Newton.Assignment.Application\ILIS.Newton.Assignment.Application.csproj", "{2B88E243-D692-4A6C-B146-130D6A47D347}"
EndProject
Project("{FAE04EC0-301F-11D3-BF4B-00C04F79EFBC}") = "ILIS.Newton.Assignment.Infrastructure", "ILIS.Newton.Assignment.Infrastructure\ILIS.Newton.Assignment.Infrastructure.csproj", "{11873014-0AA6-49E0-B4BF-81369D8446F6}"
EndProject
Global
	GlobalSection(SolutionConfigurationPlatforms) = preSolution
		Debug|Any CPU = Debug|Any CPU
		Release|Any CPU = Release|Any CPU
	EndGlobalSection
	GlobalSection(ProjectConfigurationPlatforms) = postSolution
		{48FCDDB7-CC83-4F12-B200-4C2B67C7FC9F}.Debug|Any CPU.ActiveCfg = Debug|Any CPU
		{48FCDDB7-CC83-4F12-B200-4C2B67C7FC9F}.Debug|Any CPU.Build.0 = Debug|Any CPU
		{48FCDDB7-CC83-4F12-B200-4C2B67C7FC9F}.Release|Any CPU.ActiveCfg = Release|Any CPU
		{48FCDDB7-CC83-4F12-B200-4C2B67C7FC9F}.Release|Any CPU.Build.0 = Release|Any CPU
		{ADD1C991-9366-4E3B-BBD1-D6BE7627439A}.Debug|Any CPU.ActiveCfg = Debug|Any CPU
		{ADD1C991-9366-4E3B-BBD1-D6BE7627439A}.Debug|Any CPU.Build.0 = Debug|Any CPU
		{ADD1C991-9366-4E3B-BBD1-D6BE7627439A}.Debug|Any CPU.Deploy.0 = Debug|Any CPU
		{ADD1C991-9366-4E3B-BBD1-D6BE7627439A}.Release|Any CPU.ActiveCfg = Release|Any CPU
		{ADD1C991-9366-4E3B-BBD1-D6BE7627439A}.Release|Any CPU.Build.0 = Release|Any CPU
		{ADD1C991-9366-4E3B-BBD1-D6BE7627439A}.Release|Any CPU.Deploy.0 = Release|Any CPU
		{02B3225F-3643-4BDA-BDA9-A9D99E2B49F2}.Debug|Any CPU.ActiveCfg = Debug|Any CPU
		{02B3225F-3643-4BDA-BDA9-A9D99E2B49F2}.Debug|Any CPU.Build.0 = Debug|Any CPU
		{02B3225F-3643-4BDA-BDA9-A9D99E2B49F2}.Release|Any CPU.ActiveCfg = Release|Any CPU
		{02B3225F-3643-4BDA-BDA9-A9D99E2B49F2}.Release|Any CPU.Build.0 = Release|Any CPU
		{C32FA5C2-2ABF-450D-B98E-C8A8D73E06F6}.Debug|Any CPU.ActiveCfg = Debug|Any CPU
		{C32FA5C2-2ABF-450D-B98E-C8A8D73E06F6}.Debug|Any CPU.Build.0 = Debug|Any CPU
		{C32FA5C2-2ABF-450D-B98E-C8A8D73E06F6}.Release|Any CPU.ActiveCfg = Release|Any CPU
		{C32FA5C2-2ABF-450D-B98E-C8A8D73E06F6}.Release|Any CPU.Build.0 = Release|Any CPU
		{2B88E243-D692-4A6C-B146-130D6A47D347}.Debug|Any CPU.ActiveCfg = Debug|Any CPU
		{2B88E243-D692-4A6C-B146-130D6A47D347}.Debug|Any CPU.Build.0 = Debug|Any CPU
		{2B88E243-D692-4A6C-B146-130D6A47D347}.Release|Any CPU.ActiveCfg = Release|Any CPU
		{2B88E243-D692-4A6C-B146-130D6A47D347}.Release|Any CPU.Build.0 = Release|Any CPU
		{11873014-0AA6-49E0-B4BF-81369D8446F6}.Debug|Any CPU.ActiveCfg = Debug|Any CPU
		{11873014-0AA6-49E0-B4BF-81369D8446F6}.Debug|Any CPU.Build.0 = Debug|Any CPU
		{11873014-0AA6-49E0-B4BF-81369D8446F6}.Release|Any CPU.ActiveCfg = Release|Any CPU
		{11873014-0AA6-49E0-B4BF-81369D8446F6}.Release|Any CPU.Build.0 = Release|Any CPU
	EndGlobalSection
	GlobalSection(SolutionProperties) = preSolution
		HideSolutionNode = FALSE
	EndGlobalSection
	GlobalSection(ExtensibilityGlobals) = postSolution
		SolutionGuid = {BE624661-798B-481E-8664-1251FA270EEF}
	EndGlobalSection
EndGlobal
